
Microsoft Visual Studio Solution File, Format Version 12.00
# Visual Studio 15
VisualStudioVersion = 15.0.27130.2010
MinimumVisualStudioVersion = 10.0.40219.1
Project("{FAE04EC0-301F-11D3-BF4B-00C04F79EFBC}") = "RogerWaters.RealTimeDb", "RogerWaters.RealTimeDb\RogerWaters.RealTimeDb.csproj", "{358DBEF7-C9A3-4D9F-849E-80137D174642}"
EndProject
Project("{FAE04EC0-301F-11D3-BF4B-00C04F79EFBC}") = "RogerWaters.RealTimeDb.TestClient", "RogerWaters.RealTimeDb.TestClient\RogerWaters.RealTimeDb.TestClient.csproj", "{5DEB3E2C-C609-49C4-9C6B-B914FD9FBE3D}"
EndProject
Project("{2150E333-8FDC-42A3-9474-1A3956D46DE8}") = "Solution Items", "Solution Items", "{D4C9F55A-2AEF-4C14-9418-12D7E1587375}"
	ProjectSection(SolutionItems) = preProject
		readme.md = readme.md
	EndProjectSection
EndProject
Global
	GlobalSection(SolutionConfigurationPlatforms) = preSolution
		Debug|Any CPU = Debug|Any CPU
		Release|Any CPU = Release|Any CPU
	EndGlobalSection
	GlobalSection(ProjectConfigurationPlatforms) = postSolution
		{358DBEF7-C9A3-4D9F-849E-80137D174642}.Debug|Any CPU.ActiveCfg = Debug|Any CPU
		{358DBEF7-C9A3-4D9F-849E-80137D174642}.Debug|Any CPU.Build.0 = Debug|Any CPU
		{358DBEF7-C9A3-4D9F-849E-80137D174642}.Release|Any CPU.ActiveCfg = Release|Any CPU
		{358DBEF7-C9A3-4D9F-849E-80137D174642}.Release|Any CPU.Build.0 = Release|Any CPU
		{5DEB3E2C-C609-49C4-9C6B-B914FD9FBE3D}.Debug|Any CPU.ActiveCfg = Debug|Any CPU
		{5DEB3E2C-C609-49C4-9C6B-B914FD9FBE3D}.Debug|Any CPU.Build.0 = Debug|Any CPU
		{5DEB3E2C-C609-49C4-9C6B-B914FD9FBE3D}.Release|Any CPU.ActiveCfg = Release|Any CPU
		{5DEB3E2C-C609-49C4-9C6B-B914FD9FBE3D}.Release|Any CPU.Build.0 = Release|Any CPU
	EndGlobalSection
	GlobalSection(SolutionProperties) = preSolution
		HideSolutionNode = FALSE
	EndGlobalSection
	GlobalSection(ExtensibilityGlobals) = postSolution
		SolutionGuid = {1C375491-418F-4948-AF12-EF6F5AE3FF9B}
	EndGlobalSection
EndGlobal
